
Microsoft Visual Studio Solution File, Format Version 12.00
# Visual Studio Version 17
VisualStudioVersion = 17.3.32901.215
MinimumVisualStudioVersion = 10.0.40219.1
Project("{9A19103F-16F7-4668-BE54-9A1E7A4F7556}") = "GuestsAPI", "GuestAPI\GuestsAPI.csproj", "{9C459513-9339-4F60-9CF6-7183DBF5C7C4}"
EndProject
Project("{9A19103F-16F7-4668-BE54-9A1E7A4F7556}") = "GuestSharedModel", "GuestSharedModel\GuestSharedModel.csproj", "{1FB66859-C91E-441D-8CA8-5292B5F4E8A5}"
EndProject
Project("{9A19103F-16F7-4668-BE54-9A1E7A4F7556}") = "DataAccess.Core", "AuthLibrary\DataAccess.Core.csproj", "{AFA1DB6B-4567-44C9-B46F-6D0A3ABB1819}"
EndProject
Global
	GlobalSection(SolutionConfigurationPlatforms) = preSolution
		Debug|Any CPU = Debug|Any CPU
		Release|Any CPU = Release|Any CPU
	EndGlobalSection
	GlobalSection(ProjectConfigurationPlatforms) = postSolution
		{9C459513-9339-4F60-9CF6-7183DBF5C7C4}.Debug|Any CPU.ActiveCfg = Debug|Any CPU
		{9C459513-9339-4F60-9CF6-7183DBF5C7C4}.Debug|Any CPU.Build.0 = Debug|Any CPU
		{9C459513-9339-4F60-9CF6-7183DBF5C7C4}.Release|Any CPU.ActiveCfg = Release|Any CPU
		{9C459513-9339-4F60-9CF6-7183DBF5C7C4}.Release|Any CPU.Build.0 = Release|Any CPU
		{1FB66859-C91E-441D-8CA8-5292B5F4E8A5}.Debug|Any CPU.ActiveCfg = Debug|Any CPU
		{1FB66859-C91E-441D-8CA8-5292B5F4E8A5}.Debug|Any CPU.Build.0 = Debug|Any CPU
		{1FB66859-C91E-441D-8CA8-5292B5F4E8A5}.Release|Any CPU.ActiveCfg = Release|Any CPU
		{1FB66859-C91E-441D-8CA8-5292B5F4E8A5}.Release|Any CPU.Build.0 = Release|Any CPU
		{AFA1DB6B-4567-44C9-B46F-6D0A3ABB1819}.Debug|Any CPU.ActiveCfg = Debug|Any CPU
		{AFA1DB6B-4567-44C9-B46F-6D0A3ABB1819}.Debug|Any CPU.Build.0 = Debug|Any CPU
		{AFA1DB6B-4567-44C9-B46F-6D0A3ABB1819}.Release|Any CPU.ActiveCfg = Release|Any CPU
		{AFA1DB6B-4567-44C9-B46F-6D0A3ABB1819}.Release|Any CPU.Build.0 = Release|Any CPU
	EndGlobalSection
	GlobalSection(SolutionProperties) = preSolution
		HideSolutionNode = FALSE
	EndGlobalSection
	GlobalSection(ExtensibilityGlobals) = postSolution
		SolutionGuid = {8D8946C5-951B-457A-880E-AC44980D62D8}
	EndGlobalSection
EndGlobal
